
Microsoft Visual Studio Solution File, Format Version 12.00
# Visual Studio Version 16
VisualStudioVersion = 16.0.33529.622
MinimumVisualStudioVersion = 10.0.40219.1
Project("{9A19103F-16F7-4668-BE54-9A1E7A4F7556}") = "GymManager.Web", "GymManager.Web\GymManager.Web.csproj", "{63A64A2C-3FA4-4956-AD30-00C6005A9DB5}"
EndProject
Project("{9A19103F-16F7-4668-BE54-9A1E7A4F7556}") = "GymManager.ApplicationServices", "GymManager.ApplicationServices\GymManager.ApplicationServices.csproj", "{289434FA-3679-4BA1-A00E-450D7DD3DB85}"
EndProject
Project("{9A19103F-16F7-4668-BE54-9A1E7A4F7556}") = "GymManager.Core", "GymManager.Core\GymManager.Core.csproj", "{872A153B-E7D9-4D31-B66F-DA15D24C92BC}"
EndProject
Project("{FAE04EC0-301F-11D3-BF4B-00C04F79EFBC}") = "GymManager.DataAccess", "GymManager.DataAccess\GymManager.DataAccess.csproj", "{40A48291-A554-413A-8F3D-C388A68262C5}"
EndProject
Global
	GlobalSection(SolutionConfigurationPlatforms) = preSolution
		Debug|Any CPU = Debug|Any CPU
		Release|Any CPU = Release|Any CPU
	EndGlobalSection
	GlobalSection(ProjectConfigurationPlatforms) = postSolution
		{63A64A2C-3FA4-4956-AD30-00C6005A9DB5}.Debug|Any CPU.ActiveCfg = Debug|Any CPU
		{63A64A2C-3FA4-4956-AD30-00C6005A9DB5}.Debug|Any CPU.Build.0 = Debug|Any CPU
		{63A64A2C-3FA4-4956-AD30-00C6005A9DB5}.Release|Any CPU.ActiveCfg = Release|Any CPU
		{63A64A2C-3FA4-4956-AD30-00C6005A9DB5}.Release|Any CPU.Build.0 = Release|Any CPU
		{289434FA-3679-4BA1-A00E-450D7DD3DB85}.Debug|Any CPU.ActiveCfg = Debug|Any CPU
		{289434FA-3679-4BA1-A00E-450D7DD3DB85}.Debug|Any CPU.Build.0 = Debug|Any CPU
		{289434FA-3679-4BA1-A00E-450D7DD3DB85}.Release|Any CPU.ActiveCfg = Release|Any CPU
		{289434FA-3679-4BA1-A00E-450D7DD3DB85}.Release|Any CPU.Build.0 = Release|Any CPU
		{872A153B-E7D9-4D31-B66F-DA15D24C92BC}.Debug|Any CPU.ActiveCfg = Debug|Any CPU
		{872A153B-E7D9-4D31-B66F-DA15D24C92BC}.Debug|Any CPU.Build.0 = Debug|Any CPU
		{872A153B-E7D9-4D31-B66F-DA15D24C92BC}.Release|Any CPU.ActiveCfg = Release|Any CPU
		{872A153B-E7D9-4D31-B66F-DA15D24C92BC}.Release|Any CPU.Build.0 = Release|Any CPU
		{40A48291-A554-413A-8F3D-C388A68262C5}.Debug|Any CPU.ActiveCfg = Debug|Any CPU
		{40A48291-A554-413A-8F3D-C388A68262C5}.Debug|Any CPU.Build.0 = Debug|Any CPU
		{40A48291-A554-413A-8F3D-C388A68262C5}.Release|Any CPU.ActiveCfg = Release|Any CPU
		{40A48291-A554-413A-8F3D-C388A68262C5}.Release|Any CPU.Build.0 = Release|Any CPU
	EndGlobalSection
	GlobalSection(SolutionProperties) = preSolution
		HideSolutionNode = FALSE
	EndGlobalSection
	GlobalSection(ExtensibilityGlobals) = postSolution
		SolutionGuid = {D3E7976D-9210-4655-B920-2DC0632C3E34}
	EndGlobalSection
EndGlobal
