
Microsoft Visual Studio Solution File, Format Version 12.00
# Visual Studio Version 16
VisualStudioVersion = 16.0.33529.622
MinimumVisualStudioVersion = 10.0.40219.1
Project("{FAE04EC0-301F-11D3-BF4B-00C04F79EFBC}") = "DN8_E1_SofiaCarrillo_v1.0", "DN8_E1_SofiaCarrillo_v1.0\DN8_E1_SofiaCarrillo_v1.0.csproj", "{E6F2CF0A-CC03-45E3-A2F8-E5447359966D}"
EndProject
Project("{FAE04EC0-301F-11D3-BF4B-00C04F79EFBC}") = "AudioManager", "AudioManager\AudioManager.csproj", "{3309763D-8ECB-45E5-B9A5-CEBD1925A57F}"
EndProject
Global
	GlobalSection(SolutionConfigurationPlatforms) = preSolution
		Debug|Any CPU = Debug|Any CPU
		Release|Any CPU = Release|Any CPU
	EndGlobalSection
	GlobalSection(ProjectConfigurationPlatforms) = postSolution
		{E6F2CF0A-CC03-45E3-A2F8-E5447359966D}.Debug|Any CPU.ActiveCfg = Debug|Any CPU
		{E6F2CF0A-CC03-45E3-A2F8-E5447359966D}.Debug|Any CPU.Build.0 = Debug|Any CPU
		{E6F2CF0A-CC03-45E3-A2F8-E5447359966D}.Release|Any CPU.ActiveCfg = Release|Any CPU
		{E6F2CF0A-CC03-45E3-A2F8-E5447359966D}.Release|Any CPU.Build.0 = Release|Any CPU
		{3309763D-8ECB-45E5-B9A5-CEBD1925A57F}.Debug|Any CPU.ActiveCfg = Debug|Any CPU
		{3309763D-8ECB-45E5-B9A5-CEBD1925A57F}.Debug|Any CPU.Build.0 = Debug|Any CPU
		{3309763D-8ECB-45E5-B9A5-CEBD1925A57F}.Release|Any CPU.ActiveCfg = Release|Any CPU
		{3309763D-8ECB-45E5-B9A5-CEBD1925A57F}.Release|Any CPU.Build.0 = Release|Any CPU
	EndGlobalSection
	GlobalSection(SolutionProperties) = preSolution
		HideSolutionNode = FALSE
	EndGlobalSection
	GlobalSection(ExtensibilityGlobals) = postSolution
		SolutionGuid = {A2B5E53D-26C8-45D1-8B6D-F60CED5FEC8D}
	EndGlobalSection
EndGlobal
