
Microsoft Visual Studio Solution File, Format Version 12.00
# Visual Studio Version 16
VisualStudioVersion = 16.0.33529.622
MinimumVisualStudioVersion = 10.0.40219.1
Project("{FAE04EC0-301F-11D3-BF4B-00C04F79EFBC}") = "GymManager.Web", "GymManager.Web\GymManager.Web.csproj", "{7BB8DD8F-1EE4-455E-BC28-C698775F6A8C}"
EndProject
Global
	GlobalSection(SolutionConfigurationPlatforms) = preSolution
		Debug|Any CPU = Debug|Any CPU
		Release|Any CPU = Release|Any CPU
	EndGlobalSection
	GlobalSection(ProjectConfigurationPlatforms) = postSolution
		{7BB8DD8F-1EE4-455E-BC28-C698775F6A8C}.Debug|Any CPU.ActiveCfg = Debug|Any CPU
		{7BB8DD8F-1EE4-455E-BC28-C698775F6A8C}.Debug|Any CPU.Build.0 = Debug|Any CPU
		{7BB8DD8F-1EE4-455E-BC28-C698775F6A8C}.Release|Any CPU.ActiveCfg = Release|Any CPU
		{7BB8DD8F-1EE4-455E-BC28-C698775F6A8C}.Release|Any CPU.Build.0 = Release|Any CPU
	EndGlobalSection
	GlobalSection(SolutionProperties) = preSolution
		HideSolutionNode = FALSE
	EndGlobalSection
	GlobalSection(ExtensibilityGlobals) = postSolution
		SolutionGuid = {AC859BBD-3656-44AC-9DE9-8AE7CA237966}
	EndGlobalSection
EndGlobal
