
Microsoft Visual Studio Solution File, Format Version 12.00
# Visual Studio Version 17
VisualStudioVersion = 17.0.31912.275
MinimumVisualStudioVersion = 10.0.40219.1
Project("{FAE04EC0-301F-11D3-BF4B-00C04F79EFBC}") = "OPP.ConsoleExample", "OPP.ConsoleExample\OPP.ConsoleExample.csproj", "{55F4649E-57C4-474B-A6CD-77F8A7F33395}"
EndProject
Project("{FAE04EC0-301F-11D3-BF4B-00C04F79EFBC}") = "AudioManager", "AudioManager\AudioManager.csproj", "{BA4F715D-C528-47F0-B394-E3B2974175CB}"
EndProject
Global
	GlobalSection(SolutionConfigurationPlatforms) = preSolution
		Debug|Any CPU = Debug|Any CPU
		Release|Any CPU = Release|Any CPU
	EndGlobalSection
	GlobalSection(ProjectConfigurationPlatforms) = postSolution
		{55F4649E-57C4-474B-A6CD-77F8A7F33395}.Debug|Any CPU.ActiveCfg = Debug|Any CPU
		{55F4649E-57C4-474B-A6CD-77F8A7F33395}.Debug|Any CPU.Build.0 = Debug|Any CPU
		{55F4649E-57C4-474B-A6CD-77F8A7F33395}.Release|Any CPU.ActiveCfg = Release|Any CPU
		{55F4649E-57C4-474B-A6CD-77F8A7F33395}.Release|Any CPU.Build.0 = Release|Any CPU
		{BA4F715D-C528-47F0-B394-E3B2974175CB}.Debug|Any CPU.ActiveCfg = Debug|Any CPU
		{BA4F715D-C528-47F0-B394-E3B2974175CB}.Debug|Any CPU.Build.0 = Debug|Any CPU
		{BA4F715D-C528-47F0-B394-E3B2974175CB}.Release|Any CPU.ActiveCfg = Release|Any CPU
		{BA4F715D-C528-47F0-B394-E3B2974175CB}.Release|Any CPU.Build.0 = Release|Any CPU
	EndGlobalSection
	GlobalSection(SolutionProperties) = preSolution
		HideSolutionNode = FALSE
	EndGlobalSection
	GlobalSection(ExtensibilityGlobals) = postSolution
		SolutionGuid = {D24805A9-14AF-477D-AC98-9E49D25C48A8}
	EndGlobalSection
EndGlobal
