
Microsoft Visual Studio Solution File, Format Version 12.00
# Visual Studio Version 16
VisualStudioVersion = 16.0.33529.622
MinimumVisualStudioVersion = 10.0.40219.1
Project("{FAE04EC0-301F-11D3-BF4B-00C04F79EFBC}") = "OOP.ConsoleExample", "OOP.ConsoleExample\OOP.ConsoleExample.csproj", "{5DCDA272-4EB5-4F59-923B-3B0494A7E815}"
EndProject
Project("{FAE04EC0-301F-11D3-BF4B-00C04F79EFBC}") = "AudioManager", "AudioManager\AudioManager.csproj", "{37B6FAE1-6957-4C4D-8C43-1146CDA64424}"
EndProject
Global
	GlobalSection(SolutionConfigurationPlatforms) = preSolution
		Debug|Any CPU = Debug|Any CPU
		Release|Any CPU = Release|Any CPU
	EndGlobalSection
	GlobalSection(ProjectConfigurationPlatforms) = postSolution
		{5DCDA272-4EB5-4F59-923B-3B0494A7E815}.Debug|Any CPU.ActiveCfg = Debug|Any CPU
		{5DCDA272-4EB5-4F59-923B-3B0494A7E815}.Debug|Any CPU.Build.0 = Debug|Any CPU
		{5DCDA272-4EB5-4F59-923B-3B0494A7E815}.Release|Any CPU.ActiveCfg = Release|Any CPU
		{5DCDA272-4EB5-4F59-923B-3B0494A7E815}.Release|Any CPU.Build.0 = Release|Any CPU
		{37B6FAE1-6957-4C4D-8C43-1146CDA64424}.Debug|Any CPU.ActiveCfg = Debug|Any CPU
		{37B6FAE1-6957-4C4D-8C43-1146CDA64424}.Debug|Any CPU.Build.0 = Debug|Any CPU
		{37B6FAE1-6957-4C4D-8C43-1146CDA64424}.Release|Any CPU.ActiveCfg = Release|Any CPU
		{37B6FAE1-6957-4C4D-8C43-1146CDA64424}.Release|Any CPU.Build.0 = Release|Any CPU
	EndGlobalSection
	GlobalSection(SolutionProperties) = preSolution
		HideSolutionNode = FALSE
	EndGlobalSection
	GlobalSection(ExtensibilityGlobals) = postSolution
		SolutionGuid = {D86827EC-E08A-4D00-86F9-540A597F2A02}
	EndGlobalSection
EndGlobal
