
Microsoft Visual Studio Solution File, Format Version 12.00
# Visual Studio Version 16
VisualStudioVersion = 16.0.33529.622
MinimumVisualStudioVersion = 10.0.40219.1
Project("{9A19103F-16F7-4668-BE54-9A1E7A4F7556}") = "WebApi.WindowsClient", "WebApi.WindowsClient\WebApi.WindowsClient.csproj", "{67EE29CF-23A9-437A-9749-DEA39680A87A}"
EndProject
Project("{9A19103F-16F7-4668-BE54-9A1E7A4F7556}") = "Api.Example", "Api.Example\Api.Example.csproj", "{9F3CB2F5-C5C1-41EB-B592-31E5B7ABC06E}"
EndProject
Project("{FAE04EC0-301F-11D3-BF4B-00C04F79EFBC}") = "Api.Entities", "Api.Entities\Api.Entities.csproj", "{E97B660F-A123-41F5-ADA9-750A19460D0C}"
EndProject
Global
	GlobalSection(SolutionConfigurationPlatforms) = preSolution
		Debug|Any CPU = Debug|Any CPU
		Release|Any CPU = Release|Any CPU
	EndGlobalSection
	GlobalSection(ProjectConfigurationPlatforms) = postSolution
		{67EE29CF-23A9-437A-9749-DEA39680A87A}.Debug|Any CPU.ActiveCfg = Debug|Any CPU
		{67EE29CF-23A9-437A-9749-DEA39680A87A}.Debug|Any CPU.Build.0 = Debug|Any CPU
		{67EE29CF-23A9-437A-9749-DEA39680A87A}.Release|Any CPU.ActiveCfg = Release|Any CPU
		{67EE29CF-23A9-437A-9749-DEA39680A87A}.Release|Any CPU.Build.0 = Release|Any CPU
		{9F3CB2F5-C5C1-41EB-B592-31E5B7ABC06E}.Debug|Any CPU.ActiveCfg = Debug|Any CPU
		{9F3CB2F5-C5C1-41EB-B592-31E5B7ABC06E}.Debug|Any CPU.Build.0 = Debug|Any CPU
		{9F3CB2F5-C5C1-41EB-B592-31E5B7ABC06E}.Release|Any CPU.ActiveCfg = Release|Any CPU
		{9F3CB2F5-C5C1-41EB-B592-31E5B7ABC06E}.Release|Any CPU.Build.0 = Release|Any CPU
		{E97B660F-A123-41F5-ADA9-750A19460D0C}.Debug|Any CPU.ActiveCfg = Debug|Any CPU
		{E97B660F-A123-41F5-ADA9-750A19460D0C}.Debug|Any CPU.Build.0 = Debug|Any CPU
		{E97B660F-A123-41F5-ADA9-750A19460D0C}.Release|Any CPU.ActiveCfg = Release|Any CPU
		{E97B660F-A123-41F5-ADA9-750A19460D0C}.Release|Any CPU.Build.0 = Release|Any CPU
	EndGlobalSection
	GlobalSection(SolutionProperties) = preSolution
		HideSolutionNode = FALSE
	EndGlobalSection
	GlobalSection(ExtensibilityGlobals) = postSolution
		SolutionGuid = {1E7E6FB0-BD38-4AFB-A543-2DF2FFA10E63}
	EndGlobalSection
EndGlobal
