
Microsoft Visual Studio Solution File, Format Version 12.00
# Visual Studio Version 17
VisualStudioVersion = 17.0.31912.275
MinimumVisualStudioVersion = 10.0.40219.1
Project("{FAE04EC0-301F-11D3-BF4B-00C04F79EFBC}") = "GymManager.Web", "GymManager.Web\GymManager.Web.csproj", "{63A64A2C-3FA4-4956-AD30-00C6005A9DB5}"
EndProject
Global
	GlobalSection(SolutionConfigurationPlatforms) = preSolution
		Debug|Any CPU = Debug|Any CPU
		Release|Any CPU = Release|Any CPU
	EndGlobalSection
	GlobalSection(ProjectConfigurationPlatforms) = postSolution
		{63A64A2C-3FA4-4956-AD30-00C6005A9DB5}.Debug|Any CPU.ActiveCfg = Debug|Any CPU
		{63A64A2C-3FA4-4956-AD30-00C6005A9DB5}.Debug|Any CPU.Build.0 = Debug|Any CPU
		{63A64A2C-3FA4-4956-AD30-00C6005A9DB5}.Release|Any CPU.ActiveCfg = Release|Any CPU
		{63A64A2C-3FA4-4956-AD30-00C6005A9DB5}.Release|Any CPU.Build.0 = Release|Any CPU
	EndGlobalSection
	GlobalSection(SolutionProperties) = preSolution
		HideSolutionNode = FALSE
	EndGlobalSection
	GlobalSection(ExtensibilityGlobals) = postSolution
		SolutionGuid = {D3E7976D-9210-4655-B920-2DC0632C3E34}
	EndGlobalSection
EndGlobal
