
Microsoft Visual Studio Solution File, Format Version 12.00
# Visual Studio Version 17
VisualStudioVersion = 17.0.31912.275
MinimumVisualStudioVersion = 10.0.40219.1
Project("{9A19103F-16F7-4668-BE54-9A1E7A4F7556}") = "GymManager.Web", "GymManager.Web\GymManager.Web.csproj", "{63A64A2C-3FA4-4956-AD30-00C6005A9DB5}"
EndProject
Project("{FAE04EC0-301F-11D3-BF4B-00C04F79EFBC}") = "GymManager.ApplicationServices", "GymManager.ApplicationServices\GymManager.ApplicationServices.csproj", "{B0992736-67B6-439B-BB23-57D892868A33}"
	ProjectSection(ProjectDependencies) = postProject
		{690AEA3E-728D-4798-AF52-05B158A67445} = {690AEA3E-728D-4798-AF52-05B158A67445}
	EndProjectSection
EndProject
Project("{FAE04EC0-301F-11D3-BF4B-00C04F79EFBC}") = "GymManager.Core", "GymManager.Core\GymManager.Core.csproj", "{690AEA3E-728D-4798-AF52-05B158A67445}"
EndProject
Global
	GlobalSection(SolutionConfigurationPlatforms) = preSolution
		Debug|Any CPU = Debug|Any CPU
		Release|Any CPU = Release|Any CPU
	EndGlobalSection
	GlobalSection(ProjectConfigurationPlatforms) = postSolution
		{63A64A2C-3FA4-4956-AD30-00C6005A9DB5}.Debug|Any CPU.ActiveCfg = Debug|Any CPU
		{63A64A2C-3FA4-4956-AD30-00C6005A9DB5}.Debug|Any CPU.Build.0 = Debug|Any CPU
		{63A64A2C-3FA4-4956-AD30-00C6005A9DB5}.Release|Any CPU.ActiveCfg = Release|Any CPU
		{63A64A2C-3FA4-4956-AD30-00C6005A9DB5}.Release|Any CPU.Build.0 = Release|Any CPU
		{B0992736-67B6-439B-BB23-57D892868A33}.Debug|Any CPU.ActiveCfg = Debug|Any CPU
		{B0992736-67B6-439B-BB23-57D892868A33}.Debug|Any CPU.Build.0 = Debug|Any CPU
		{B0992736-67B6-439B-BB23-57D892868A33}.Release|Any CPU.ActiveCfg = Release|Any CPU
		{B0992736-67B6-439B-BB23-57D892868A33}.Release|Any CPU.Build.0 = Release|Any CPU
		{690AEA3E-728D-4798-AF52-05B158A67445}.Debug|Any CPU.ActiveCfg = Debug|Any CPU
		{690AEA3E-728D-4798-AF52-05B158A67445}.Debug|Any CPU.Build.0 = Debug|Any CPU
		{690AEA3E-728D-4798-AF52-05B158A67445}.Release|Any CPU.ActiveCfg = Release|Any CPU
		{690AEA3E-728D-4798-AF52-05B158A67445}.Release|Any CPU.Build.0 = Release|Any CPU
	EndGlobalSection
	GlobalSection(SolutionProperties) = preSolution
		HideSolutionNode = FALSE
	EndGlobalSection
	GlobalSection(ExtensibilityGlobals) = postSolution
		SolutionGuid = {D3E7976D-9210-4655-B920-2DC0632C3E34}
	EndGlobalSection
EndGlobal
