
Microsoft Visual Studio Solution File, Format Version 12.00
# Visual Studio Version 16
VisualStudioVersion = 16.0.33529.622
MinimumVisualStudioVersion = 10.0.40219.1
Project("{FAE04EC0-301F-11D3-BF4B-00C04F79EFBC}") = "DataAccess.Example", "DataAccess.Example\DataAccess.Example.csproj", "{46449200-B43F-4278-B52C-B53EEEDF5584}"
EndProject
Global
	GlobalSection(SolutionConfigurationPlatforms) = preSolution
		Debug|Any CPU = Debug|Any CPU
		Release|Any CPU = Release|Any CPU
	EndGlobalSection
	GlobalSection(ProjectConfigurationPlatforms) = postSolution
		{46449200-B43F-4278-B52C-B53EEEDF5584}.Debug|Any CPU.ActiveCfg = Debug|Any CPU
		{46449200-B43F-4278-B52C-B53EEEDF5584}.Debug|Any CPU.Build.0 = Debug|Any CPU
		{46449200-B43F-4278-B52C-B53EEEDF5584}.Release|Any CPU.ActiveCfg = Release|Any CPU
		{46449200-B43F-4278-B52C-B53EEEDF5584}.Release|Any CPU.Build.0 = Release|Any CPU
	EndGlobalSection
	GlobalSection(SolutionProperties) = preSolution
		HideSolutionNode = FALSE
	EndGlobalSection
	GlobalSection(ExtensibilityGlobals) = postSolution
		SolutionGuid = {12A6A925-05FA-41EB-BF9D-3372257B9D92}
	EndGlobalSection
EndGlobal
